
Microsoft Visual Studio Solution File, Format Version 12.00
# Visual Studio Version 16
VisualStudioVersion = 16.0.30621.155
MinimumVisualStudioVersion = 10.0.40219.1
Project("{FAE04EC0-301F-11D3-BF4B-00C04F79EFBC}") = "proiect", "proiect\proiect.csproj", "{7E3F3A6A-2078-4898-A560-B5C8C37DAACC}"
EndProject
Global
	GlobalSection(SolutionConfigurationPlatforms) = preSolution
		Debug|Any CPU = Debug|Any CPU
		Release|Any CPU = Release|Any CPU
	EndGlobalSection
	GlobalSection(ProjectConfigurationPlatforms) = postSolution
		{7E3F3A6A-2078-4898-A560-B5C8C37DAACC}.Debug|Any CPU.ActiveCfg = Debug|Any CPU
		{7E3F3A6A-2078-4898-A560-B5C8C37DAACC}.Debug|Any CPU.Build.0 = Debug|Any CPU
		{7E3F3A6A-2078-4898-A560-B5C8C37DAACC}.Release|Any CPU.ActiveCfg = Release|Any CPU
		{7E3F3A6A-2078-4898-A560-B5C8C37DAACC}.Release|Any CPU.Build.0 = Release|Any CPU
	EndGlobalSection
	GlobalSection(SolutionProperties) = preSolution
		HideSolutionNode = FALSE
	EndGlobalSection
	GlobalSection(ExtensibilityGlobals) = postSolution
		SolutionGuid = {6EFBF582-EB00-47F9-803D-95FAF6FE10F3}
	EndGlobalSection
EndGlobal
